
Microsoft Visual Studio Solution File, Format Version 12.00
Project("{F2A71F9B-5D33-465A-A702-920D77279786}") = "Aoc", "Aoc\Aoc.fsproj", "{3261A391-2C44-4DE1-AEA1-5ABF2479D804}"
EndProject
Global
	GlobalSection(SolutionConfigurationPlatforms) = preSolution
		Debug|Any CPU = Debug|Any CPU
		Release|Any CPU = Release|Any CPU
	EndGlobalSection
	GlobalSection(ProjectConfigurationPlatforms) = postSolution
		{3261A391-2C44-4DE1-AEA1-5ABF2479D804}.Debug|Any CPU.ActiveCfg = Debug|Any CPU
		{3261A391-2C44-4DE1-AEA1-5ABF2479D804}.Debug|Any CPU.Build.0 = Debug|Any CPU
		{3261A391-2C44-4DE1-AEA1-5ABF2479D804}.Release|Any CPU.ActiveCfg = Release|Any CPU
		{3261A391-2C44-4DE1-AEA1-5ABF2479D804}.Release|Any CPU.Build.0 = Release|Any CPU
	EndGlobalSection
EndGlobal
